
Microsoft Visual Studio Solution File, Format Version 11.00
# Visual Studio 2010
Project("{FAE04EC0-301F-11D3-BF4B-00C04F79EFBC}") = "AeroKostal", "AeroKostal\AeroKostal.csproj", "{4E839FE9-C18C-4846-8A68-1BFF8225DC27}"
EndProject
Global
	GlobalSection(SolutionConfigurationPlatforms) = preSolution
		Debug|x86 = Debug|x86
		Release|x86 = Release|x86
	EndGlobalSection
	GlobalSection(ProjectConfigurationPlatforms) = postSolution
		{4E839FE9-C18C-4846-8A68-1BFF8225DC27}.Debug|x86.ActiveCfg = Debug|x86
		{4E839FE9-C18C-4846-8A68-1BFF8225DC27}.Debug|x86.Build.0 = Debug|x86
		{4E839FE9-C18C-4846-8A68-1BFF8225DC27}.Release|x86.ActiveCfg = Release|x86
		{4E839FE9-C18C-4846-8A68-1BFF8225DC27}.Release|x86.Build.0 = Release|x86
	EndGlobalSection
	GlobalSection(SolutionProperties) = preSolution
		HideSolutionNode = FALSE
	EndGlobalSection
EndGlobal
